// !$*UTF8*$!
{
	archiveVersion = 1;
	classes = {
	};
	objectVersion = 56;
	objects = {

/* Begin PBXBuildFile section */
		3F284E0D291BAF2000F7A528 /* AppDelegate.swift in Sources */ = {isa = PBXBuildFile; fileRef = 3F284E0C291BAF2000F7A528 /* AppDelegate.swift */; };
		3F284E0F291BAF2000F7A528 /* SceneDelegate.swift in Sources */ = {isa = PBXBuildFile; fileRef = 3F284E0E291BAF2000F7A528 /* SceneDelegate.swift */; };
		3F284E11291BAF2000F7A528 /* ViewController.swift in Sources */ = {isa = PBXBuildFile; fileRef = 3F284E10291BAF2000F7A528 /* ViewController.swift */; };
		3F284E14291BAF2000F7A528 /* Main.storyboard in Resources */ = {isa = PBXBuildFile; fileRef = 3F284E12291BAF2000F7A528 /* Main.storyboard */; };
		3F284E16291BAF2300F7A528 /* Assets.xcassets in Resources */ = {isa = PBXBuildFile; fileRef = 3F284E15291BAF2300F7A528 /* Assets.xcassets */; };
		3F284E19291BAF2300F7A528 /* LaunchScreen.storyboard in Resources */ = {isa = PBXBuildFile; fileRef = 3F284E17291BAF2300F7A528 /* LaunchScreen.storyboard */; };
		3F284E24291BAF2300F7A528 /* iOS_QuizTests.swift in Sources */ = {isa = PBXBuildFile; fileRef = 3F284E23291BAF2300F7A528 /* iOS_QuizTests.swift */; };
		3F284E2E291BAF2300F7A528 /* iOS_QuizUITests.swift in Sources */ = {isa = PBXBuildFile; fileRef = 3F284E2D291BAF2300F7A528 /* iOS_QuizUITests.swift */; };
		3F284E30291BAF2300F7A528 /* iOS_QuizUITestsLaunchTests.swift in Sources */ = {isa = PBXBuildFile; fileRef = 3F284E2F291BAF2300F7A528 /* iOS_QuizUITestsLaunchTests.swift */; };
/* End PBXBuildFile section */

/* Begin PBXContainerItemProxy section */
		3F284E20291BAF2300F7A528 /* PBXContainerItemProxy */ = {
			isa = PBXContainerItemProxy;
			containerPortal = 3F284E01291BAF2000F7A528 /* Project object */;
			proxyType = 1;
			remoteGlobalIDString = 3F284E08291BAF2000F7A528;
			remoteInfo = "iOS Quiz";
		};
		3F284E2A291BAF2300F7A528 /* PBXContainerItemProxy */ = {
			isa = PBXContainerItemProxy;
			containerPortal = 3F284E01291BAF2000F7A528 /* Project object */;
			proxyType = 1;
			remoteGlobalIDString = 3F284E08291BAF2000F7A528;
			remoteInfo = "iOS Quiz";
		};
/* End PBXContainerItemProxy section */

/* Begin PBXFileReference section */
		3F284E09291BAF2000F7A528 /* iOS Quiz.app */ = {isa = PBXFileReference; explicitFileType = wrapper.application; includeInIndex = 0; path = "iOS Quiz.app"; sourceTree = BUILT_PRODUCTS_DIR; };
		3F284E0C291BAF2000F7A528 /* AppDelegate.swift */ = {isa = PBXFileReference; lastKnownFileType = sourcecode.swift; path = AppDelegate.swift; sourceTree = "<group>"; };
		3F284E0E291BAF2000F7A528 /* SceneDelegate.swift */ = {isa = PBXFileReference; lastKnownFileType = sourcecode.swift; path = SceneDelegate.swift; sourceTree = "<group>"; };
		3F284E10291BAF2000F7A528 /* ViewController.swift */ = {isa = PBXFileReference; lastKnownFileType = sourcecode.swift; path = ViewController.swift; sourceTree = "<group>"; };
		3F284E13291BAF2000F7A528 /* Base */ = {isa = PBXFileReference; lastKnownFileType = file.storyboard; name = Base; path = Base.lproj/Main.storyboard; sourceTree = "<group>"; };
		3F284E15291BAF2300F7A528 /* Assets.xcassets */ = {isa = PBXFileReference; lastKnownFileType = folder.assetcatalog; path = Assets.xcassets; sourceTree = "<group>"; };
		3F284E18291BAF2300F7A528 /* Base */ = {isa = PBXFileReference; lastKnownFileType = file.storyboard; name = Base; path = Base.lproj/LaunchScreen.storyboard; sourceTree = "<group>"; };
		3F284E1A291BAF2300F7A528 /* Info.plist */ = {isa = PBXFileReference; lastKnownFileType = text.plist.xml; path = Info.plist; sourceTree = "<group>"; };
		3F284E1F291BAF2300F7A528 /* iOS QuizTests.xctest */ = {isa = PBXFileReference; explicitFileType = wrapper.cfbundle; includeInIndex = 0; path = "iOS QuizTests.xctest"; sourceTree = BUILT_PRODUCTS_DIR; };
		3F284E23291BAF2300F7A528 /* iOS_QuizTests.swift */ = {isa = PBXFileReference; lastKnownFileType = sourcecode.swift; path = iOS_QuizTests.swift; sourceTree = "<group>"; };
		3F284E29291BAF2300F7A528 /* iOS QuizUITests.xctest */ = {isa = PBXFileReference; explicitFileType = wrapper.cfbundle; includeInIndex = 0; path = "iOS QuizUITests.xctest"; sourceTree = BUILT_PRODUCTS_DIR; };
		3F284E2D291BAF2300F7A528 /* iOS_QuizUITests.swift */ = {isa = PBXFileReference; lastKnownFileType = sourcecode.swift; path = iOS_QuizUITests.swift; sourceTree = "<group>"; };
		3F284E2F291BAF2300F7A528 /* iOS_QuizUITestsLaunchTests.swift */ = {isa = PBXFileReference; lastKnownFileType = sourcecode.swift; path = iOS_QuizUITestsLaunchTests.swift; sourceTree = "<group>"; };
/* End PBXFileReference section */

/* Begin PBXFrameworksBuildPhase section */
		3F284E06291BAF2000F7A528 /* Frameworks */ = {
			isa = PBXFrameworksBuildPhase;
			buildActionMask = 2147483647;
			files = (
			);
			runOnlyForDeploymentPostprocessing = 0;
		};
		3F284E1C291BAF2300F7A528 /* Frameworks */ = {
			isa = PBXFrameworksBuildPhase;
			buildActionMask = 2147483647;
			files = (
			);
			runOnlyForDeploymentPostprocessing = 0;
		};
		3F284E26291BAF2300F7A528 /* Frameworks */ = {
			isa = PBXFrameworksBuildPhase;
			buildActionMask = 2147483647;
			files = (
			);
			runOnlyForDeploymentPostprocessing = 0;
		};
/* End PBXFrameworksBuildPhase section */

/* Begin PBXGroup section */
		3F284E00291BAF2000F7A528 = {
			isa = PBXGroup;
			children = (
				3F284E0B291BAF2000F7A528 /* iOS Quiz */,
				3F284E22291BAF2300F7A528 /* iOS QuizTests */,
				3F284E2C291BAF2300F7A528 /* iOS QuizUITests */,
				3F284E0A291BAF2000F7A528 /* Products */,
			);
			sourceTree = "<group>";
		};
		3F284E0A291BAF2000F7A528 /* Products */ = {
			isa = PBXGroup;
			children = (
				3F284E09291BAF2000F7A528 /* iOS Quiz.app */,
				3F284E1F291BAF2300F7A528 /* iOS QuizTests.xctest */,
				3F284E29291BAF2300F7A528 /* iOS QuizUITests.xctest */,
			);
			name = Products;
			sourceTree = "<group>";
		};
		3F284E0B291BAF2000F7A528 /* iOS Quiz */ = {
			isa = PBXGroup;
			children = (
				3F284E0C291BAF2000F7A528 /* AppDelegate.swift */,
				3F284E0E291BAF2000F7A528 /* SceneDelegate.swift */,
				3F284E10291BAF2000F7A528 /* ViewController.swift */,
				3F284E12291BAF2000F7A528 /* Main.storyboard */,
				3F284E15291BAF2300F7A528 /* Assets.xcassets */,
				3F284E17291BAF2300F7A528 /* LaunchScreen.storyboard */,
				3F284E1A291BAF2300F7A528 /* Info.plist */,
			);
			path = "iOS Quiz";
			sourceTree = "<group>";
		};
		3F284E22291BAF2300F7A528 /* iOS QuizTests */ = {
			isa = PBXGroup;
			children = (
				3F284E23291BAF2300F7A528 /* iOS_QuizTests.swift */,
			);
			path = "iOS QuizTests";
			sourceTree = "<group>";
		};
		3F284E2C291BAF2300F7A528 /* iOS QuizUITests */ = {
			isa = PBXGroup;
			children = (
				3F284E2D291BAF2300F7A528 /* iOS_QuizUITests.swift */,
				3F284E2F291BAF2300F7A528 /* iOS_QuizUITestsLaunchTests.swift */,
			);
			path = "iOS QuizUITests";
			sourceTree = "<group>";
		};
/* End PBXGroup section */

/* Begin PBXNativeTarget section */
		3F284E08291BAF2000F7A528 /* iOS Quiz */ = {
			isa = PBXNativeTarget;
			buildConfigurationList = 3F284E33291BAF2300F7A528 /* Build configuration list for PBXNativeTarget "iOS Quiz" */;
			buildPhases = (
				3F284E05291BAF2000F7A528 /* Sources */,
				3F284E06291BAF2000F7A528 /* Frameworks */,
				3F284E07291BAF2000F7A528 /* Resources */,
			);
			buildRules = (
			);
			dependencies = (
			);
			name = "iOS Quiz";
			productName = "iOS Quiz";
			productReference = 3F284E09291BAF2000F7A528 /* iOS Quiz.app */;
			productType = "com.apple.product-type.application";
		};
		3F284E1E291BAF2300F7A528 /* iOS QuizTests */ = {
			isa = PBXNativeTarget;
			buildConfigurationList = 3F284E36291BAF2300F7A528 /* Build configuration list for PBXNativeTarget "iOS QuizTests" */;
			buildPhases = (
				3F284E1B291BAF2300F7A528 /* Sources */,
				3F284E1C291BAF2300F7A528 /* Frameworks */,
				3F284E1D291BAF2300F7A528 /* Resources */,
			);
			buildRules = (
			);
			dependencies = (
				3F284E21291BAF2300F7A528 /* PBXTargetDependency */,
			);
			name = "iOS QuizTests";
			productName = "iOS QuizTests";
			productReference = 3F284E1F291BAF2300F7A528 /* iOS QuizTests.xctest */;
			productType = "com.apple.product-type.bundle.unit-test";
		};
		3F284E28291BAF2300F7A528 /* iOS QuizUITests */ = {
			isa = PBXNativeTarget;
			buildConfigurationList = 3F284E39291BAF2300F7A528 /* Build configuration list for PBXNativeTarget "iOS QuizUITests" */;
			buildPhases = (
				3F284E25291BAF2300F7A528 /* Sources */,
				3F284E26291BAF2300F7A528 /* Frameworks */,
				3F284E27291BAF2300F7A528 /* Resources */,
			);
			buildRules = (
			);
			dependencies = (
				3F284E2B291BAF2300F7A528 /* PBXTargetDependency */,
			);
			name = "iOS QuizUITests";
			productName = "iOS QuizUITests";
			productReference = 3F284E29291BAF2300F7A528 /* iOS QuizUITests.xctest */;
			productType = "com.apple.product-type.bundle.ui-testing";
		};
/* End PBXNativeTarget section */

/* Begin PBXProject section */
		3F284E01291BAF2000F7A528 /* Project object */ = {
			isa = PBXProject;
			attributes = {
				BuildIndependentTargetsInParallel = 1;
				LastSwiftUpdateCheck = 1410;
				LastUpgradeCheck = 1410;
				TargetAttributes = {
					3F284E08291BAF2000F7A528 = {
						CreatedOnToolsVersion = 14.1;
					};
					3F284E1E291BAF2300F7A528 = {
						CreatedOnToolsVersion = 14.1;
						TestTargetID = 3F284E08291BAF2000F7A528;
					};
					3F284E28291BAF2300F7A528 = {
						CreatedOnToolsVersion = 14.1;
						TestTargetID = 3F284E08291BAF2000F7A528;
					};
				};
			};
			buildConfigurationList = 3F284E04291BAF2000F7A528 /* Build configuration list for PBXProject "iOS Quiz" */;
			compatibilityVersion = "Xcode 14.0";
			developmentRegion = en;
			hasScannedForEncodings = 0;
			knownRegions = (
				en,
				Base,
			);
			mainGroup = 3F284E00291BAF2000F7A528;
			productRefGroup = 3F284E0A291BAF2000F7A528 /* Products */;
			projectDirPath = "";
			projectRoot = "";
			targets = (
				3F284E08291BAF2000F7A528 /* iOS Quiz */,
				3F284E1E291BAF2300F7A528 /* iOS QuizTests */,
				3F284E28291BAF2300F7A528 /* iOS QuizUITests */,
			);
		};
/* End PBXProject section */

/* Begin PBXResourcesBuildPhase section */
		3F284E07291BAF2000F7A528 /* Resources */ = {
			isa = PBXResourcesBuildPhase;
			buildActionMask = 2147483647;
			files = (
				3F284E19291BAF2300F7A528 /* LaunchScreen.storyboard in Resources */,
				3F284E16291BAF2300F7A528 /* Assets.xcassets in Resources */,
				3F284E14291BAF2000F7A528 /* Main.storyboard in Resources */,
			);
			runOnlyForDeploymentPostprocessing = 0;
		};
		3F284E1D291BAF2300F7A528 /* Resources */ = {
			isa = PBXResourcesBuildPhase;
			buildActionMask = 2147483647;
			files = (
			);
			runOnlyForDeploymentPostprocessing = 0;
		};
		3F284E27291BAF2300F7A528 /* Resources */ = {
			isa = PBXResourcesBuildPhase;
			buildActionMask = 2147483647;
			files = (
			);
			runOnlyForDeploymentPostprocessing = 0;
		};
/* End PBXResourcesBuildPhase section */

/* Begin PBXSourcesBuildPhase section */
		3F284E05291BAF2000F7A528 /* Sources */ = {
			isa = PBXSourcesBuildPhase;
			buildActionMask = 2147483647;
			files = (
				3F284E11291BAF2000F7A528 /* ViewController.swift in Sources */,
				3F284E0D291BAF2000F7A528 /* AppDelegate.swift in Sources */,
				3F284E0F291BAF2000F7A528 /* SceneDelegate.swift in Sources */,
			);
			runOnlyForDeploymentPostprocessing = 0;
		};
		3F284E1B291BAF2300F7A528 /* Sources */ = {
			isa = PBXSourcesBuildPhase;
			buildActionMask = 2147483647;
			files = (
				3F284E24291BAF2300F7A528 /* iOS_QuizTests.swift in Sources */,
			);
			runOnlyForDeploymentPostprocessing = 0;
		};
		3F284E25291BAF2300F7A528 /* Sources */ = {
			isa = PBXSourcesBuildPhase;
			buildActionMask = 2147483647;
			files = (
				3F284E30291BAF2300F7A528 /* iOS_QuizUITestsLaunchTests.swift in Sources */,
				3F284E2E291BAF2300F7A528 /* iOS_QuizUITests.swift in Sources */,
			);
			runOnlyForDeploymentPostprocessing = 0;
		};
/* End PBXSourcesBuildPhase section */

/* Begin PBXTargetDependency section */
		3F284E21291BAF2300F7A528 /* PBXTargetDependency */ = {
			isa = PBXTargetDependency;
			target = 3F284E08291BAF2000F7A528 /* iOS Quiz */;
			targetProxy = 3F284E20291BAF2300F7A528 /* PBXContainerItemProxy */;
		};
		3F284E2B291BAF2300F7A528 /* PBXTargetDependency */ = {
			isa = PBXTargetDependency;
			target = 3F284E08291BAF2000F7A528 /* iOS Quiz */;
			targetProxy = 3F284E2A291BAF2300F7A528 /* PBXContainerItemProxy */;
		};
/* End PBXTargetDependency section */

/* Begin PBXVariantGroup section */
		3F284E12291BAF2000F7A528 /* Main.storyboard */ = {
			isa = PBXVariantGroup;
			children = (
				3F284E13291BAF2000F7A528 /* Base */,
			);
			name = Main.storyboard;
			sourceTree = "<group>";
		};
		3F284E17291BAF2300F7A528 /* LaunchScreen.storyboard */ = {
			isa = PBXVariantGroup;
			children = (
				3F284E18291BAF2300F7A528 /* Base */,
			);
			name = LaunchScreen.storyboard;
			sourceTree = "<group>";
		};
/* End PBXVariantGroup section */

/* Begin XCBuildConfiguration section */
		3F284E31291BAF2300F7A528 /* Debug */ = {
			isa = XCBuildConfiguration;
			buildSettings = {
				ALWAYS_SEARCH_USER_PATHS = NO;
				CLANG_ANALYZER_NONNULL = YES;
				CLANG_ANALYZER_NUMBER_OBJECT_CONVERSION = YES_AGGRESSIVE;
				CLANG_CXX_LANGUAGE_STANDARD = "gnu++20";
				CLANG_ENABLE_MODULES = YES;
				CLANG_ENABLE_OBJC_ARC = YES;
				CLANG_ENABLE_OBJC_WEAK = YES;
				CLANG_WARN_BLOCK_CAPTURE_AUTORELEASING = YES;
				CLANG_WARN_BOOL_CONVERSION = YES;
				CLANG_WARN_COMMA = YES;
				CLANG_WARN_CONSTANT_CONVERSION = YES;
				CLANG_WARN_DEPRECATED_OBJC_IMPLEMENTATIONS = YES;
				CLANG_WARN_DIRECT_OBJC_ISA_USAGE = YES_ERROR;
				CLANG_WARN_DOCUMENTATION_COMMENTS = YES;
				CLANG_WARN_EMPTY_BODY = YES;
				CLANG_WARN_ENUM_CONVERSION = YES;
				CLANG_WARN_INFINITE_RECURSION = YES;
				CLANG_WARN_INT_CONVERSION = YES;
				CLANG_WARN_NON_LITERAL_NULL_CONVERSION = YES;
				CLANG_WARN_OBJC_IMPLICIT_RETAIN_SELF = YES;
				CLANG_WARN_OBJC_LITERAL_CONVERSION = YES;
				CLANG_WARN_OBJC_ROOT_CLASS = YES_ERROR;
				CLANG_WARN_QUOTED_INCLUDE_IN_FRAMEWORK_HEADER = YES;
				CLANG_WARN_RANGE_LOOP_ANALYSIS = YES;
				CLANG_WARN_STRICT_PROTOTYPES = YES;
				CLANG_WARN_SUSPICIOUS_MOVE = YES;
				CLANG_WARN_UNGUARDED_AVAILABILITY = YES_AGGRESSIVE;
				CLANG_WARN_UNREACHABLE_CODE = YES;
				CLANG_WARN__DUPLICATE_METHOD_MATCH = YES;
				COPY_PHASE_STRIP = NO;
				DEBUG_INFORMATION_FORMAT = dwarf;
				ENABLE_STRICT_OBJC_MSGSEND = YES;
				ENABLE_TESTABILITY = YES;
				GCC_C_LANGUAGE_STANDARD = gnu11;
				GCC_DYNAMIC_NO_PIC = NO;
				GCC_NO_COMMON_BLOCKS = YES;
				GCC_OPTIMIZATION_LEVEL = 0;
				GCC_PREPROCESSOR_DEFINITIONS = (
					"DEBUG=1",
					"$(inherited)",
				);
				GCC_WARN_64_TO_32_BIT_CONVERSION = YES;
				GCC_WARN_ABOUT_RETURN_TYPE = YES_ERROR;
				GCC_WARN_UNDECLARED_SELECTOR = YES;
				GCC_WARN_UNINITIALIZED_AUTOS = YES_AGGRESSIVE;
				GCC_WARN_UNUSED_FUNCTION = YES;
				GCC_WARN_UNUSED_VARIABLE = YES;
				IPHONEOS_DEPLOYMENT_TARGET = 16.1;
				MTL_ENABLE_DEBUG_INFO = INCLUDE_SOURCE;
				MTL_FAST_MATH = YES;
				ONLY_ACTIVE_ARCH = YES;
				SDKROOT = iphoneos;
				SWIFT_ACTIVE_COMPILATION_CONDITIONS = DEBUG;
				SWIFT_OPTIMIZATION_LEVEL = "-Onone";
			};
			name = Debug;
		};
		3F284E32291BAF2300F7A528 /* Release */ = {
			isa = XCBuildConfiguration;
			buildSettings = {
				ALWAYS_SEARCH_USER_PATHS = NO;
				CLANG_ANALYZER_NONNULL = YES;
				CLANG_ANALYZER_NUMBER_OBJECT_CONVERSION = YES_AGGRESSIVE;
				CLANG_CXX_LANGUAGE_STANDARD = "gnu++20";
				CLANG_ENABLE_MODULES = YES;
				CLANG_ENABLE_OBJC_ARC = YES;
				CLANG_ENABLE_OBJC_WEAK = YES;
				CLANG_WARN_BLOCK_CAPTURE_AUTORELEASING = YES;
				CLANG_WARN_BOOL_CONVERSION = YES;
				CLANG_WARN_COMMA = YES;
				CLANG_WARN_CONSTANT_CONVERSION = YES;
				CLANG_WARN_DEPRECATED_OBJC_IMPLEMENTATIONS = YES;
				CLANG_WARN_DIRECT_OBJC_ISA_USAGE = YES_ERROR;
				CLANG_WARN_DOCUMENTATION_COMMENTS = YES;
				CLANG_WARN_EMPTY_BODY = YES;
				CLANG_WARN_ENUM_CONVERSION = YES;
				CLANG_WARN_INFINITE_RECURSION = YES;
				CLANG_WARN_INT_CONVERSION = YES;
				CLANG_WARN_NON_LITERAL_NULL_CONVERSION = YES;
				CLANG_WARN_OBJC_IMPLICIT_RETAIN_SELF = YES;
				CLANG_WARN_OBJC_LITERAL_CONVERSION = YES;
				CLANG_WARN_OBJC_ROOT_CLASS = YES_ERROR;
				CLANG_WARN_QUOTED_INCLUDE_IN_FRAMEWORK_HEADER = YES;
				CLANG_WARN_RANGE_LOOP_ANALYSIS = YES;
				CLANG_WARN_STRICT_PROTOTYPES = YES;
				CLANG_WARN_SUSPICIOUS_MOVE = YES;
				CLANG_WARN_UNGUARDED_AVAILABILITY = YES_AGGRESSIVE;
				CLANG_WARN_UNREACHABLE_CODE = YES;
				CLANG_WARN__DUPLICATE_METHOD_MATCH = YES;
				COPY_PHASE_STRIP = NO;
				DEBUG_INFORMATION_FORMAT = "dwarf-with-dsym";
				ENABLE_NS_ASSERTIONS = NO;
				ENABLE_STRICT_OBJC_MSGSEND = YES;
				GCC_C_LANGUAGE_STANDARD = gnu11;
				GCC_NO_COMMON_BLOCKS = YES;
				GCC_WARN_64_TO_32_BIT_CONVERSION = YES;
				GCC_WARN_ABOUT_RETURN_TYPE = YES_ERROR;
				GCC_WARN_UNDECLARED_SELECTOR = YES;
				GCC_WARN_UNINITIALIZED_AUTOS = YES_AGGRESSIVE;
				GCC_WARN_UNUSED_FUNCTION = YES;
				GCC_WARN_UNUSED_VARIABLE = YES;
				IPHONEOS_DEPLOYMENT_TARGET = 16.1;
				MTL_ENABLE_DEBUG_INFO = NO;
				MTL_FAST_MATH = YES;
				SDKROOT = iphoneos;
				SWIFT_COMPILATION_MODE = wholemodule;
				SWIFT_OPTIMIZATION_LEVEL = "-O";
				VALIDATE_PRODUCT = YES;
			};
			name = Release;
		};
		3F284E34291BAF2300F7A528 /* Debug */ = {
			isa = XCBuildConfiguration;
			buildSettings = {
				ASSETCATALOG_COMPILER_APPICON_NAME = AppIcon;
				ASSETCATALOG_COMPILER_GLOBAL_ACCENT_COLOR_NAME = AccentColor;
				CODE_SIGN_STYLE = Automatic;
				CURRENT_PROJECT_VERSION = 1;
				GENERATE_INFOPLIST_FILE = YES;
				INFOPLIST_FILE = "iOS Quiz/Info.plist";
				INFOPLIST_KEY_UIApplicationSupportsIndirectInputEvents = YES;
				INFOPLIST_KEY_UILaunchStoryboardName = LaunchScreen;
				INFOPLIST_KEY_UIMainStoryboardFile = Main;
				INFOPLIST_KEY_UISupportedInterfaceOrientations_iPad = "UIInterfaceOrientationPortrait UIInterfaceOrientationPortraitUpsideDown UIInterfaceOrientationLandscapeLeft UIInterfaceOrientationLandscapeRight";
				INFOPLIST_KEY_UISupportedInterfaceOrientations_iPhone = "UIInterfaceOrientationPortrait UIInterfaceOrientationLandscapeLeft UIInterfaceOrientationLandscapeRight";
				LD_RUNPATH_SEARCH_PATHS = (
					"$(inherited)",
					"@executable_path/Frameworks",
				);
				MARKETING_VERSION = 1.0;
				PRODUCT_BUNDLE_IDENTIFIER = "Aamer-Essa.iOS-Quiz";
				PRODUCT_NAME = "$(TARGET_NAME)";
				SWIFT_EMIT_LOC_STRINGS = YES;
				SWIFT_VERSION = 5.0;
				TARGETED_DEVICE_FAMILY = "1,2";
			};
			name = Debug;
		};
		3F284E35291BAF2300F7A528 /* Release */ = {
			isa = XCBuildConfiguration;
			buildSettings = {
				ASSETCATALOG_COMPILER_APPICON_NAME = AppIcon;
				ASSETCATALOG_COMPILER_GLOBAL_ACCENT_COLOR_NAME = AccentColor;
				CODE_SIGN_STYLE = Automatic;
				CURRENT_PROJECT_VERSION = 1;
				GENERATE_INFOPLIST_FILE = YES;
				INFOPLIST_FILE = "iOS Quiz/Info.plist";
				INFOPLIST_KEY_UIApplicationSupportsIndirectInputEvents = YES;
				INFOPLIST_KEY_UILaunchStoryboardName = LaunchScreen;
				INFOPLIST_KEY_UIMainStoryboardFile = Main;
				INFOPLIST_KEY_UISupportedInterfaceOrientations_iPad = "UIInterfaceOrientationPortrait UIInterfaceOrientationPortraitUpsideDown UIInterfaceOrientationLandscapeLeft UIInterfaceOrientationLandscapeRight";
				INFOPLIST_KEY_UISupportedInterfaceOrientations_iPhone = "UIInterfaceOrientationPortrait UIInterfaceOrientationLandscapeLeft UIInterfaceOrientationLandscapeRight";
				LD_RUNPATH_SEARCH_PATHS = (
					"$(inherited)",
					"@executable_path/Frameworks",
				);
				MARKETING_VERSION = 1.0;
				PRODUCT_BUNDLE_IDENTIFIER = "Aamer-Essa.iOS-Quiz";
				PRODUCT_NAME = "$(TARGET_NAME)";
				SWIFT_EMIT_LOC_STRINGS = YES;
				SWIFT_VERSION = 5.0;
				TARGETED_DEVICE_FAMILY = "1,2";
			};
			name = Release;
		};
		3F284E37291BAF2300F7A528 /* Debug */ = {
			isa = XCBuildConfiguration;
			buildSettings = {
				ALWAYS_EMBED_SWIFT_STANDARD_LIBRARIES = YES;
				BUNDLE_LOADER = "$(TEST_HOST)";
				CODE_SIGN_STYLE = Automatic;
				CURRENT_PROJECT_VERSION = 1;
				GENERATE_INFOPLIST_FILE = YES;
				IPHONEOS_DEPLOYMENT_TARGET = 16.1;
				MARKETING_VERSION = 1.0;
				PRODUCT_BUNDLE_IDENTIFIER = "Aamer-Essa.iOS-QuizTests";
				PRODUCT_NAME = "$(TARGET_NAME)";
				SWIFT_EMIT_LOC_STRINGS = NO;
				SWIFT_VERSION = 5.0;
				TARGETED_DEVICE_FAMILY = "1,2";
				TEST_HOST = "$(BUILT_PRODUCTS_DIR)/iOS Quiz.app/$(BUNDLE_EXECUTABLE_FOLDER_PATH)/iOS Quiz";
			};
			name = Debug;
		};
		3F284E38291BAF2300F7A528 /* Release */ = {
			isa = XCBuildConfiguration;
			buildSettings = {
				ALWAYS_EMBED_SWIFT_STANDARD_LIBRARIES = YES;
				BUNDLE_LOADER = "$(TEST_HOST)";
				CODE_SIGN_STYLE = Automatic;
				CURRENT_PROJECT_VERSION = 1;
				GENERATE_INFOPLIST_FILE = YES;
				IPHONEOS_DEPLOYMENT_TARGET = 16.1;
				MARKETING_VERSION = 1.0;
				PRODUCT_BUNDLE_IDENTIFIER = "Aamer-Essa.iOS-QuizTests";
				PRODUCT_NAME = "$(TARGET_NAME)";
				SWIFT_EMIT_LOC_STRINGS = NO;
				SWIFT_VERSION = 5.0;
				TARGETED_DEVICE_FAMILY = "1,2";
				TEST_HOST = "$(BUILT_PRODUCTS_DIR)/iOS Quiz.app/$(BUNDLE_EXECUTABLE_FOLDER_PATH)/iOS Quiz";
			};
			name = Release;
		};
		3F284E3A291BAF2300F7A528 /* Debug */ = {
			isa = XCBuildConfiguration;
			buildSettings = {
				ALWAYS_EMBED_SWIFT_STANDARD_LIBRARIES = YES;
				CODE_SIGN_STYLE = Automatic;
				CURRENT_PROJECT_VERSION = 1;
				GENERATE_INFOPLIST_FILE = YES;
				MARKETING_VERSION = 1.0;
				PRODUCT_BUNDLE_IDENTIFIER = "Aamer-Essa.iOS-QuizUITests";
				PRODUCT_NAME = "$(TARGET_NAME)";
				SWIFT_EMIT_LOC_STRINGS = NO;
				SWIFT_VERSION = 5.0;
				TARGETED_DEVICE_FAMILY = "1,2";
				TEST_TARGET_NAME = "iOS Quiz";
			};
			name = Debug;
		};
		3F284E3B291BAF2300F7A528 /* Release */ = {
			isa = XCBuildConfiguration;
			buildSettings = {
				ALWAYS_EMBED_SWIFT_STANDARD_LIBRARIES = YES;
				CODE_SIGN_STYLE = Automatic;
				CURRENT_PROJECT_VERSION = 1;
				GENERATE_INFOPLIST_FILE = YES;
				MARKETING_VERSION = 1.0;
				PRODUCT_BUNDLE_IDENTIFIER = "Aamer-Essa.iOS-QuizUITests";
				PRODUCT_NAME = "$(TARGET_NAME)";
				SWIFT_EMIT_LOC_STRINGS = NO;
				SWIFT_VERSION = 5.0;
				TARGETED_DEVICE_FAMILY = "1,2";
				TEST_TARGET_NAME = "iOS Quiz";
			};
			name = Release;
		};
/* End XCBuildConfiguration section */

/* Begin XCConfigurationList section */
		3F284E04291BAF2000F7A528 /* Build configuration list for PBXProject "iOS Quiz" */ = {
			isa = XCConfigurationList;
			buildConfigurations = (
				3F284E31291BAF2300F7A528 /* Debug */,
				3F284E32291BAF2300F7A528 /* Release */,
			);
			defaultConfigurationIsVisible = 0;
			defaultConfigurationName = Release;
		};
		3F284E33291BAF2300F7A528 /* Build configuration list for PBXNativeTarget "iOS Quiz" */ = {
			isa = XCConfigurationList;
			buildConfigurations = (
				3F284E34291BAF2300F7A528 /* Debug */,
				3F284E35291BAF2300F7A528 /* Release */,
			);
			defaultConfigurationIsVisible = 0;
			defaultConfigurationName = Release;
		};
		3F284E36291BAF2300F7A528 /* Build configuration list for PBXNativeTarget "iOS QuizTests" */ = {
			isa = XCConfigurationList;
			buildConfigurations = (
				3F284E37291BAF2300F7A528 /* Debug */,
				3F284E38291BAF2300F7A528 /* Release */,
			);
			defaultConfigurationIsVisible = 0;
			defaultConfigurationName = Release;
		};
		3F284E39291BAF2300F7A528 /* Build configuration list for PBXNativeTarget "iOS QuizUITests" */ = {
			isa = XCConfigurationList;
			buildConfigurations = (
				3F284E3A291BAF2300F7A528 /* Debug */,
				3F284E3B291BAF2300F7A528 /* Release */,
			);
			defaultConfigurationIsVisible = 0;
			defaultConfigurationName = Release;
		};
/* End XCConfigurationList section */
	};
	rootObject = 3F284E01291BAF2000F7A528 /* Project object */;
}
